
Microsoft Visual Studio Solution File, Format Version 12.00
# Visual Studio Version 17
VisualStudioVersion = 17.7.34003.232
MinimumVisualStudioVersion = 10.0.40219.1
Project("{888888A0-9F3D-457C-B088-3A5042F75D52}") = "fast_api", "fast_api.pyproj", "{A5DD271C-D6DB-47CF-9E22-FC90BD191F2C}"
EndProject
Global
	GlobalSection(SolutionConfigurationPlatforms) = preSolution
		Debug|Any CPU = Debug|Any CPU
		Release|Any CPU = Release|Any CPU
	EndGlobalSection
	GlobalSection(ProjectConfigurationPlatforms) = postSolution
		{A5DD271C-D6DB-47CF-9E22-FC90BD191F2C}.Debug|Any CPU.ActiveCfg = Debug|Any CPU
		{A5DD271C-D6DB-47CF-9E22-FC90BD191F2C}.Release|Any CPU.ActiveCfg = Release|Any CPU
	EndGlobalSection
	GlobalSection(SolutionProperties) = preSolution
		HideSolutionNode = FALSE
	EndGlobalSection
	GlobalSection(ExtensibilityGlobals) = postSolution
		SolutionGuid = {857FD166-B9EA-43AF-8F91-FA84729452DA}
	EndGlobalSection
EndGlobal
